# THIS IS AN AUTOGENERATED FILE. DO NOT EDIT THIS FILE DIRECTLY.
# yarn lockfile v1


"@babel/runtime@^7.0.0", "@babel/runtime@^7.21.0":
  version "7.22.11"
  resolved "https://registry.yarnpkg.com/@babel/runtime/-/runtime-7.22.11.tgz#7a9ba3bbe406ad6f9e8dd4da2ece453eb23a77a4"
  integrity sha512-ee7jVNlWN09+KftVOu9n7S8gQzD/Z6hN/I8VBRXW4P1+Xe7kJGXMwu8vds4aGIMHZnNbdpSWCfZZtinytpcAvA==
  dependencies:
    regenerator-runtime "^0.14.0"

"@dnd-kit/accessibility@^3.0.0":
  version "3.0.1"
  resolved "https://registry.yarnpkg.com/@dnd-kit/accessibility/-/accessibility-3.0.1.tgz#3ccbefdfca595b0a23a5dc57d3de96bc6935641c"
  integrity sha512-HXRrwS9YUYQO9lFRc/49uO/VICbM+O+ZRpFDe9Pd1rwVv2PCNkRiTZRdxrDgng/UkvdC3Re9r2vwPpXXrWeFzg==
  dependencies:
    tslib "^2.0.0"

"@dnd-kit/core@6.0.8":
  version "6.0.8"
  resolved "https://registry.yarnpkg.com/@dnd-kit/core/-/core-6.0.8.tgz#040ae13fea9787ee078e5f0361f3b49b07f3f005"
  integrity sha512-lYaoP8yHTQSLlZe6Rr9qogouGUz9oRUj4AHhDQGQzq/hqaJRpFo65X+JKsdHf8oUFBzx5A+SJPUvxAwTF2OabA==
  dependencies:
    "@dnd-kit/accessibility" "^3.0.0"
    "@dnd-kit/utilities" "^3.2.1"
    tslib "^2.0.0"

"@dnd-kit/modifiers@6.0.1":
  version "6.0.1"
  resolved "https://registry.yarnpkg.com/@dnd-kit/modifiers/-/modifiers-6.0.1.tgz#9e39b25fd6e323659604cc74488fe044d33188c8"
  integrity sha512-rbxcsg3HhzlcMHVHWDuh9LCjpOVAgqbV78wLGI8tziXY3+qcMQ61qVXIvNKQFuhj75dSfD+o+PYZQ/NUk2A23A==
  dependencies:
    "@dnd-kit/utilities" "^3.2.1"
    tslib "^2.0.0"

"@dnd-kit/utilities@^3.2.1":
  version "3.2.1"
  resolved "https://registry.yarnpkg.com/@dnd-kit/utilities/-/utilities-3.2.1.tgz#53f9e2016fd2506ec49e404c289392cfff30332a"
  integrity sha512-OOXqISfvBw/1REtkSK2N3Fi2EQiLMlWUlqnOK/UpOISqBZPWpE6TqL+jcPtMOkE8TqYGiURvRdPSI9hltNUjEA==
  dependencies:
    tslib "^2.0.0"

"@floating-ui/core@^1.4.1":
  version "1.4.1"
  resolved "https://registry.yarnpkg.com/@floating-ui/core/-/core-1.4.1.tgz#0d633f4b76052668afb932492ac452f7ebe97f17"
  integrity sha512-jk3WqquEJRlcyu7997NtR5PibI+y5bi+LS3hPmguVClypenMsCY3CBa3LAQnozRCtCrYWSEtAdiskpamuJRFOQ==
  dependencies:
    "@floating-ui/utils" "^0.1.1"

"@floating-ui/dom@^1.0.0":
  version "1.5.1"
  resolved "https://registry.yarnpkg.com/@floating-ui/dom/-/dom-1.5.1.tgz#88b70defd002fe851f17b4a25efb2d3c04d7a8d7"
  integrity sha512-KwvVcPSXg6mQygvA1TjbN/gh///36kKtllIF8SUm0qpFj8+rvYrpvlYdL1JoA71SHpDqgSSdGOSoQ0Mp3uY5aw==
  dependencies:
    "@floating-ui/core" "^1.4.1"
    "@floating-ui/utils" "^0.1.1"

"@floating-ui/utils@^0.1.1":
  version "0.1.1"
  resolved "https://registry.yarnpkg.com/@floating-ui/utils/-/utils-0.1.1.tgz#1a5b1959a528e374e8037c4396c3e825d6cf4a83"
  integrity sha512-m0G6wlnhm/AX0H12IOWtK8gASEMffnX08RtKkCgTdHb9JpHKGloI7icFfLg9ZmQeavcvR0PKmzxClyuFPSjKWw==

"@next/env@13.4.4":
  version "13.4.4"
  resolved "https://registry.yarnpkg.com/@next/env/-/env-13.4.4.tgz#46b620f6bef97fe67a1566bf570dbb791d40c50a"
  integrity sha512-q/y7VZj/9YpgzDe64Zi6rY1xPizx80JjlU2BTevlajtaE3w1LqweH1gGgxou2N7hdFosXHjGrI4OUvtFXXhGLg==

"@next/swc-darwin-arm64@13.4.4":
  version "13.4.4"
  resolved "https://registry.yarnpkg.com/@next/swc-darwin-arm64/-/swc-darwin-arm64-13.4.4.tgz#8c14083c2478e2a9a8d140cce5900f76b75667ff"
  integrity sha512-xfjgXvp4KalNUKZMHmsFxr1Ug+aGmmO6NWP0uoh4G3WFqP/mJ1xxfww0gMOeMeSq/Jyr5k7DvoZ2Pv+XOITTtw==

"@next/swc-darwin-x64@13.4.4":
  version "13.4.4"
  resolved "https://registry.yarnpkg.com/@next/swc-darwin-x64/-/swc-darwin-x64-13.4.4.tgz#5fe01c65c80fcb833c8789fd70f074ea99893864"
  integrity sha512-ZY9Ti1hkIwJsxGus3nlubIkvYyB0gNOYxKrfsOrLEqD0I2iCX8D7w8v6QQZ2H+dDl6UT29oeEUdDUNGk4UEpfg==

"@next/swc-linux-arm64-gnu@13.4.4":
  version "13.4.4"
  resolved "https://registry.yarnpkg.com/@next/swc-linux-arm64-gnu/-/swc-linux-arm64-gnu-13.4.4.tgz#f2e071f38e8a6cdadf507cc5d28956f73360d064"
  integrity sha512-+KZnDeMShYkpkqAvGCEDeqYTRADJXc6SY1jWXz+Uo6qWQO/Jd9CoyhTJwRSxvQA16MoYzvILkGaDqirkRNctyA==

"@next/swc-linux-arm64-musl@13.4.4":
  version "13.4.4"
  resolved "https://registry.yarnpkg.com/@next/swc-linux-arm64-musl/-/swc-linux-arm64-musl-13.4.4.tgz#23bf75c544e54562bc24ec1be036e4bd9cf89e2c"
  integrity sha512-evC1twrny2XDT4uOftoubZvW3EG0zs0ZxMwEtu/dDGVRO5n5pT48S8qqEIBGBUZYu/Xx4zzpOkIxx1vpWdE+9A==

"@next/swc-linux-x64-gnu@13.4.4":
  version "13.4.4"
  resolved "https://registry.yarnpkg.com/@next/swc-linux-x64-gnu/-/swc-linux-x64-gnu-13.4.4.tgz#bd42590950a01957952206f89cf5622e7c9e4196"
  integrity sha512-PX706XcCHr2FfkyhP2lpf+pX/tUvq6/ke7JYnnr0ykNdEMo+sb7cC/o91gnURh4sPYSiZJhsF2gbIqg9rciOHQ==

"@next/swc-linux-x64-musl@13.4.4":
  version "13.4.4"
  resolved "https://registry.yarnpkg.com/@next/swc-linux-x64-musl/-/swc-linux-x64-musl-13.4.4.tgz#907d81feb1abec3daec0ecb61e3f39b56e7aeafe"
  integrity sha512-TKUUx3Ftd95JlHV6XagEnqpT204Y+IsEa3awaYIjayn0MOGjgKZMZibqarK3B1FsMSPaieJf2FEAcu9z0yT5aA==

"@next/swc-win32-arm64-msvc@13.4.4":
  version "13.4.4"
  resolved "https://registry.yarnpkg.com/@next/swc-win32-arm64-msvc/-/swc-win32-arm64-msvc-13.4.4.tgz#1d754d2bb10bdf9907c0acc83711438697c3b5fe"
  integrity sha512-FP8AadgSq4+HPtim7WBkCMGbhr5vh9FePXiWx9+YOdjwdQocwoCK5ZVC3OW8oh3TWth6iJ0AXJ/yQ1q1cwSZ3A==

"@next/swc-win32-ia32-msvc@13.4.4":
  version "13.4.4"
  resolved "https://registry.yarnpkg.com/@next/swc-win32-ia32-msvc/-/swc-win32-ia32-msvc-13.4.4.tgz#77b2c7f7534b675d46e46301869e08d504d23956"
  integrity sha512-3WekVmtuA2MCdcAOrgrI+PuFiFURtSyyrN1I3UPtS0ckR2HtLqyqmS334Eulf15g1/bdwMteePdK363X/Y9JMg==

"@next/swc-win32-x64-msvc@13.4.4":
  version "13.4.4"
  resolved "https://registry.yarnpkg.com/@next/swc-win32-x64-msvc/-/swc-win32-x64-msvc-13.4.4.tgz#faab69239f8a9d0be7cd473e65f5a07735ef7b0e"
  integrity sha512-AHRITu/CrlQ+qzoqQtEMfaTu7GHaQ6bziQln/pVWpOYC1wU+Mq6VQQFlsDtMCnDztPZtppAXdvvbNS7pcfRzlw==

"@popperjs/core@^2.9.0":
  version "2.11.8"
  resolved "https://registry.yarnpkg.com/@popperjs/core/-/core-2.11.8.tgz#6b79032e760a0899cd4204710beede972a3a185f"
  integrity sha512-P1st0aksCrn9sGZhp8GMYwBnQsbvAWsZAX44oXNNvLHGqAOcoVxmjZiohstwQ7SqKnbR47akdNi+uleWD8+g6A==

"@swc/helpers@0.5.1":
  version "0.5.1"
  resolved "https://registry.yarnpkg.com/@swc/helpers/-/helpers-0.5.1.tgz#e9031491aa3f26bfcc974a67f48bd456c8a5357a"
  integrity sha512-sJ902EfIzn1Fa+qYmjdQqh8tPsoxyBz+8yBKC2HKUxyezKJFwPGOn7pv4WY6QuQW//ySQi5lJjA/ZT9sNWWNTg==
  dependencies:
    tslib "^2.4.0"

"@syncfusion/ej2-base@~22.2.10", "@syncfusion/ej2-base@~22.2.5", "@syncfusion/ej2-base@~22.2.9":
  version "22.2.10"
  resolved "https://registry.yarnpkg.com/@syncfusion/ej2-base/-/ej2-base-22.2.10.tgz#f5896378f59e56e03e39f27236ef1236d20a33ba"
  integrity sha512-I8qtgRX54KIcjo2meiu50bNHIYeTGj2Pg3kD1jUgOrSx1Ctr0xKUSekz2INCi14XjtwpubZ3wAauErJ1oflJCA==
  dependencies:
    "@syncfusion/ej2-icons" "~22.2.5"

"@syncfusion/ej2-buttons@~22.2.5", "@syncfusion/ej2-buttons@~22.2.9":
  version "22.2.9"
  resolved "https://registry.yarnpkg.com/@syncfusion/ej2-buttons/-/ej2-buttons-22.2.9.tgz#eff56fe2e3cbbb5e626f31f52308f306dc4eba77"
  integrity sha512-D4QbitRDTuO1xuDIAWbMABYGXpKWCOyUZEq9NbUn68zMCaXFX4u4clwAFcxN24XX98mey4pFPL6GLvNnpXWdHQ==
  dependencies:
    "@syncfusion/ej2-base" "~22.2.9"

"@syncfusion/ej2-calendars@~22.2.11":
  version "22.2.11"
  resolved "https://registry.yarnpkg.com/@syncfusion/ej2-calendars/-/ej2-calendars-22.2.11.tgz#32ab89c380f8f5710d2f7e00c6dc94c002fc16a2"
  integrity sha512-R7fX7+mX6Vto8j+Ha3GSV6qYYBdbRgXR+2peOk52zs5Nqo54qznL4fhWi8DCVExIunJaSEkj5yIeflxW+v5spA==
  dependencies:
    "@syncfusion/ej2-base" "~22.2.10"
    "@syncfusion/ej2-buttons" "~22.2.9"
    "@syncfusion/ej2-inputs" "~22.2.9"
    "@syncfusion/ej2-lists" "~22.2.11"
    "@syncfusion/ej2-popups" "~22.2.11"

"@syncfusion/ej2-compression@~22.2.5":
  version "22.2.5"
  resolved "https://registry.yarnpkg.com/@syncfusion/ej2-compression/-/ej2-compression-22.2.5.tgz#f401e6497a928c75e7dc08959480649c1f84e366"
  integrity sha512-LRiLEWVPxjjlxpeDrG0ZqVLNdnglPkkbxzqvfwKomXS8C0fAQyIiB4oxWDHEdNXrHG7F8FAbD3BFz0+bv14fEw==
  dependencies:
    "@syncfusion/ej2-file-utils" "~22.2.5"

"@syncfusion/ej2-data@~22.2.5":
  version "22.2.5"
  resolved "https://registry.yarnpkg.com/@syncfusion/ej2-data/-/ej2-data-22.2.5.tgz#e21477af05df6d3ca4cbb6daa527de1af9fefb55"
  integrity sha512-RV+ZHrZAQfV+Iey3yaemgvyYiBvdlAw+7N1GYzXnDO1xi3pZl4PxYlh/TM6Im/dNy1VMz42NdpPVlkRvfi1fVg==
  dependencies:
    "@syncfusion/ej2-base" "~22.2.5"

"@syncfusion/ej2-dropdowns@~22.2.11":
  version "22.2.11"
  resolved "https://registry.yarnpkg.com/@syncfusion/ej2-dropdowns/-/ej2-dropdowns-22.2.11.tgz#55ab854867bc54447c7cbaa18048b703dbe172a5"
  integrity sha512-QGEaMqXU7b4UIPOfY2Aa+oPpHslefTJSzyZrfZsMa7f5ZmKA2I4GrNtTAjmCL6LPj3T6k16jX0y/7WJL5x5NYQ==
  dependencies:
    "@syncfusion/ej2-base" "~22.2.10"
    "@syncfusion/ej2-data" "~22.2.5"
    "@syncfusion/ej2-inputs" "~22.2.9"
    "@syncfusion/ej2-lists" "~22.2.11"
    "@syncfusion/ej2-navigations" "~22.2.11"
    "@syncfusion/ej2-popups" "~22.2.11"

"@syncfusion/ej2-excel-export@~22.2.5":
  version "22.2.5"
  resolved "https://registry.yarnpkg.com/@syncfusion/ej2-excel-export/-/ej2-excel-export-22.2.5.tgz#b94fca6c1366612eed9672ef527c5ec3fc5b5a12"
  integrity sha512-24ajOCAje3HMok+4KV5RHKd7TWm83/WET+LhQi87N5Fgr+WuhKs5ymtx2Hbdrf3D3bnoYQzIVBddncuGDqEeqw==
  dependencies:
    "@syncfusion/ej2-base" "~22.2.5"
    "@syncfusion/ej2-compression" "~22.2.5"

"@syncfusion/ej2-file-utils@~22.2.5":
  version "22.2.5"
  resolved "https://registry.yarnpkg.com/@syncfusion/ej2-file-utils/-/ej2-file-utils-22.2.5.tgz#d7eb9d52c34683d453dd1e920795713bf08ac4e3"
  integrity sha512-GEupJ/8l9YEBv19VURPWd99cnwUWaLkwuId/MMW7tF8k6qRgOnN4CmxagIZsZa4X4B/pbLvVtiWlLLN6GESLPw==

"@syncfusion/ej2-filemanager@~22.2.10":
  version "22.2.10"
  resolved "https://registry.yarnpkg.com/@syncfusion/ej2-filemanager/-/ej2-filemanager-22.2.10.tgz#9f212207e6207682bb87b1be4c2b33785df1b29a"
  integrity sha512-rwKWl8q8wEI1TH9LOodFEUwgOYt6pZnUfrVXk3Ef2e1cQrIUObgT//POXAJYSjA6pWRTdVRvIpfGaZDw+p39CA==
  dependencies:
    "@syncfusion/ej2-base" "~22.2.10"
    "@syncfusion/ej2-buttons" "~22.2.9"
    "@syncfusion/ej2-data" "~22.2.5"
    "@syncfusion/ej2-grids" "~22.2.10"
    "@syncfusion/ej2-inputs" "~22.2.9"
    "@syncfusion/ej2-layouts" "~22.2.9"
    "@syncfusion/ej2-lists" "~22.2.9"
    "@syncfusion/ej2-navigations" "~22.2.8"
    "@syncfusion/ej2-popups" "~22.2.9"
    "@syncfusion/ej2-splitbuttons" "~22.2.8"

"@syncfusion/ej2-gantt@22.2.11":
  version "22.2.11"
  resolved "https://registry.yarnpkg.com/@syncfusion/ej2-gantt/-/ej2-gantt-22.2.11.tgz#38211f02d50c62c02364beab765c35cbaed25004"
  integrity sha512-xeO1CNRmAj/TPkQz6jW7iPW2EYSuHNoW5Ry3kYWwgvvR+smiCH9x38aBQYS9ywrJyCeQQEpEsaJ/7A9xqTi1fA==
  dependencies:
    "@syncfusion/ej2-base" "~22.2.10"
    "@syncfusion/ej2-buttons" "~22.2.9"
    "@syncfusion/ej2-calendars" "~22.2.11"
    "@syncfusion/ej2-data" "~22.2.5"
    "@syncfusion/ej2-dropdowns" "~22.2.11"
    "@syncfusion/ej2-grids" "~22.2.11"
    "@syncfusion/ej2-inputs" "~22.2.9"
    "@syncfusion/ej2-layouts" "~22.2.9"
    "@syncfusion/ej2-lists" "~22.2.11"
    "@syncfusion/ej2-navigations" "~22.2.11"
    "@syncfusion/ej2-notifications" "~22.2.5"
    "@syncfusion/ej2-popups" "~22.2.11"
    "@syncfusion/ej2-richtexteditor" "~22.2.10"
    "@syncfusion/ej2-svg-base" "~22.2.8"
    "@syncfusion/ej2-treegrid" "~22.2.9"

"@syncfusion/ej2-grids@~22.2.10", "@syncfusion/ej2-grids@~22.2.11", "@syncfusion/ej2-grids@~22.2.9":
  version "22.2.11"
  resolved "https://registry.yarnpkg.com/@syncfusion/ej2-grids/-/ej2-grids-22.2.11.tgz#414d4a1bff615738095bef3e623a6fafff89dfb0"
  integrity sha512-EMbT9muKwg6/lPMIw0T/eMASLsUH8YLOXc7k0sDW+VgKnpVGLHFYymoJEt1Pys2KhCHxcWgDGgRZ323pgU2Iwg==
  dependencies:
    "@syncfusion/ej2-base" "~22.2.10"
    "@syncfusion/ej2-buttons" "~22.2.9"
    "@syncfusion/ej2-calendars" "~22.2.11"
    "@syncfusion/ej2-compression" "~22.2.5"
    "@syncfusion/ej2-data" "~22.2.5"
    "@syncfusion/ej2-dropdowns" "~22.2.11"
    "@syncfusion/ej2-excel-export" "~22.2.5"
    "@syncfusion/ej2-file-utils" "~22.2.5"
    "@syncfusion/ej2-inputs" "~22.2.9"
    "@syncfusion/ej2-lists" "~22.2.11"
    "@syncfusion/ej2-navigations" "~22.2.11"
    "@syncfusion/ej2-notifications" "~22.2.5"
    "@syncfusion/ej2-pdf-export" "~22.2.5"
    "@syncfusion/ej2-popups" "~22.2.11"
    "@syncfusion/ej2-splitbuttons" "~22.2.8"

"@syncfusion/ej2-icons@~22.2.5":
  version "22.2.5"
  resolved "https://registry.yarnpkg.com/@syncfusion/ej2-icons/-/ej2-icons-22.2.5.tgz#c223ab5ac65d6e8e59c9b8df0571b7e092a2b1ef"
  integrity sha512-gNfUKBZ3kQNCX9fPDYai0xDVXbMPpmTSA9/tcuAv2rJhilCtkL7WSof5dPV/z9IOX8tjWYW/KCOdaTpxMPDQlg==

"@syncfusion/ej2-inputs@~22.2.9":
  version "22.2.9"
  resolved "https://registry.yarnpkg.com/@syncfusion/ej2-inputs/-/ej2-inputs-22.2.9.tgz#3a21a53b1b28fa6060ccb5941c6f8f49fad570c8"
  integrity sha512-k0kgaC4/Vp0xsem1prlLuYSJuPB8pSKdYMV8eCKRKkhpzLY5LXoiNejhhDiQYSXBGpNxrJ6WU0WJg2x/jBS2Wg==
  dependencies:
    "@syncfusion/ej2-base" "~22.2.9"
    "@syncfusion/ej2-buttons" "~22.2.9"
    "@syncfusion/ej2-popups" "~22.2.9"
    "@syncfusion/ej2-splitbuttons" "~22.2.8"

"@syncfusion/ej2-layouts@~22.2.9":
  version "22.2.9"
  resolved "https://registry.yarnpkg.com/@syncfusion/ej2-layouts/-/ej2-layouts-22.2.9.tgz#343620d04e6d58d9f989c34555b9730ef231c9d6"
  integrity sha512-dgsrxgtdTyUH6slCRTO4C4kcYf3EPfzWs/Q8ehmMN2VjYzwv4eL52asLGHMJwt0Zk1fxxlFQ5Oo2hIDeXZkEVQ==
  dependencies:
    "@syncfusion/ej2-base" "~22.2.9"

"@syncfusion/ej2-lists@~22.2.11", "@syncfusion/ej2-lists@~22.2.9":
  version "22.2.11"
  resolved "https://registry.yarnpkg.com/@syncfusion/ej2-lists/-/ej2-lists-22.2.11.tgz#2356ed829658b0559c986700d72e388e3c8b7a3b"
  integrity sha512-YPHZAAfNNbFTFg8EqPR2H+YSVPUMMkbWUlClOz6F0Ha67d7+uG2QUgPya9r+klXn2az4Ca7bwABjpxyKSUCkGA==
  dependencies:
    "@syncfusion/ej2-base" "~22.2.10"
    "@syncfusion/ej2-buttons" "~22.2.9"
    "@syncfusion/ej2-data" "~22.2.5"

"@syncfusion/ej2-navigations@~22.2.11", "@syncfusion/ej2-navigations@~22.2.8":
  version "22.2.11"
  resolved "https://registry.yarnpkg.com/@syncfusion/ej2-navigations/-/ej2-navigations-22.2.11.tgz#8ede36edeccc7d6572910363276693758edba08d"
  integrity sha512-regiXG69YWW3nXMsPDUxp4bIcP1tw4PHPpFHZWX36QjW1WhhvxQuP460g+tf6stx7+5g6qxIpcqGm9vY6+oCYQ==
  dependencies:
    "@syncfusion/ej2-base" "~22.2.10"
    "@syncfusion/ej2-buttons" "~22.2.9"
    "@syncfusion/ej2-data" "~22.2.5"
    "@syncfusion/ej2-inputs" "~22.2.9"
    "@syncfusion/ej2-lists" "~22.2.11"
    "@syncfusion/ej2-popups" "~22.2.11"

"@syncfusion/ej2-notifications@~22.2.5":
  version "22.2.5"
  resolved "https://registry.yarnpkg.com/@syncfusion/ej2-notifications/-/ej2-notifications-22.2.5.tgz#ae4a0efbd947b4f947b8a0a01393b413820fb0d1"
  integrity sha512-9NebxXYIzV63Q1SjM1g9DDbsfA8HA/sU9nOpbPk60SH1sBuOPfmwmQ1P/vx+CGrRkk4z0PgE7maF22bI5brSSg==
  dependencies:
    "@syncfusion/ej2-base" "~22.2.5"
    "@syncfusion/ej2-buttons" "~22.2.5"
    "@syncfusion/ej2-popups" "~22.2.5"

"@syncfusion/ej2-pdf-export@~22.2.5":
  version "22.2.5"
  resolved "https://registry.yarnpkg.com/@syncfusion/ej2-pdf-export/-/ej2-pdf-export-22.2.5.tgz#96c4c4278cb41f66373729e67ccbba69541420e0"
  integrity sha512-yiZrGg6je3O/wRArn06q3g6nXSbW8x5L/Pz9FSIQ2ZYIYRhGVQaEXicmUC9PPsE3sSxt3QvwTFTRLeOXg2E8Qg==
  dependencies:
    "@syncfusion/ej2-compression" "~22.2.5"

"@syncfusion/ej2-popups@~22.2.11", "@syncfusion/ej2-popups@~22.2.5", "@syncfusion/ej2-popups@~22.2.7", "@syncfusion/ej2-popups@~22.2.9":
  version "22.2.11"
  resolved "https://registry.yarnpkg.com/@syncfusion/ej2-popups/-/ej2-popups-22.2.11.tgz#7f43dbfaa2391172693239a1d78c2b238f7875c4"
  integrity sha512-xW9JO9sTqWCNQEuFHOPwDF8cBnNlRxNKBnOws+G18YMF+DTKz5a7XZg09tCRU9EFG1CDv1DpR05YvvH+2hMicA==
  dependencies:
    "@syncfusion/ej2-base" "~22.2.10"
    "@syncfusion/ej2-buttons" "~22.2.9"

"@syncfusion/ej2-react-base@~22.2.5":
  version "22.2.5"
  resolved "https://registry.yarnpkg.com/@syncfusion/ej2-react-base/-/ej2-react-base-22.2.5.tgz#1c36fa5ee71db8e8830ecdeef3422e2eddfccff6"
  integrity sha512-EoYaVKOpgcFB5NXySLcZDxvwS6ER8Y2QrWVcHLVgCGfnTqbzfbpiXjkWLIKGI4V9C8OsOENrhn/ta1NboevbVA==
  dependencies:
    "@syncfusion/ej2-base" "~22.2.5"

"@syncfusion/ej2-react-gantt@^22.2.11":
  version "22.2.11"
  resolved "https://registry.yarnpkg.com/@syncfusion/ej2-react-gantt/-/ej2-react-gantt-22.2.11.tgz#f57126154de14e08d3b25a754e5533320ee8e190"
  integrity sha512-Qbm8PHalt0IJWNtIvGhmEXUoT9KIQvx4HEQqXFkPcZWzqaW4nOxBD8KLJXa/u8zj6xbaM0SeaIv3npY6uOrrIQ==
  dependencies:
    "@syncfusion/ej2-base" "~22.2.10"
    "@syncfusion/ej2-gantt" "22.2.11"
    "@syncfusion/ej2-react-base" "~22.2.5"

"@syncfusion/ej2-richtexteditor@~22.2.10":
  version "22.2.10"
  resolved "https://registry.yarnpkg.com/@syncfusion/ej2-richtexteditor/-/ej2-richtexteditor-22.2.10.tgz#e6cb6e8c3d4843c76d5584a2a15f4b1e1255a4b1"
  integrity sha512-Sb7Xq9j7sTS/Hp1vpp/3gjOUYxqaCoc3vdfHusTuKVl95AhjwSbp6BVk/0EfxPWXZT/yrGnT7zbJ9POjVh2U6Q==
  dependencies:
    "@syncfusion/ej2-base" "~22.2.10"
    "@syncfusion/ej2-buttons" "~22.2.9"
    "@syncfusion/ej2-filemanager" "~22.2.10"
    "@syncfusion/ej2-inputs" "~22.2.9"
    "@syncfusion/ej2-navigations" "~22.2.8"
    "@syncfusion/ej2-popups" "~22.2.9"
    "@syncfusion/ej2-splitbuttons" "~22.2.8"

"@syncfusion/ej2-splitbuttons@~22.2.8":
  version "22.2.8"
  resolved "https://registry.yarnpkg.com/@syncfusion/ej2-splitbuttons/-/ej2-splitbuttons-22.2.8.tgz#79b4b3e7f95e5946f2af726df07f92a49ffae020"
  integrity sha512-+zo3enSHDtD7yDx1frm2+XlFEQV6uKBriE2wGt+vtZnnyzaESqRFEqxOAtQCFxN3RDMmGRiUT6qwiNSXY4rDeQ==
  dependencies:
    "@syncfusion/ej2-base" "~22.2.5"
    "@syncfusion/ej2-popups" "~22.2.7"

"@syncfusion/ej2-svg-base@~22.2.8":
  version "22.2.8"
  resolved "https://registry.yarnpkg.com/@syncfusion/ej2-svg-base/-/ej2-svg-base-22.2.8.tgz#ac0a201e5b558efe0e8fefd3ac8e106317e8aa02"
  integrity sha512-HEuYXxNELG7oDbLsvqUpgoAZmkchKYv1QZEBBDOFIsGAYgBb1nCdqLdsvgHNRj5lsIxWTODZenpuFKoAW7A7pw==
  dependencies:
    "@syncfusion/ej2-base" "~22.2.5"

"@syncfusion/ej2-treegrid@~22.2.9":
  version "22.2.9"
  resolved "https://registry.yarnpkg.com/@syncfusion/ej2-treegrid/-/ej2-treegrid-22.2.9.tgz#1a98298fccb82cba5e9033eb0f61589bf7423b72"
  integrity sha512-r9pM3cX8T/bS5v9/36/R8XYTBejvznX+N3TYFMqhZp/6hF2AnwFLwiIlOD/lvTKWpY9yDkhbBhE8uOh9YcwASg==
  dependencies:
    "@syncfusion/ej2-base" "~22.2.9"
    "@syncfusion/ej2-data" "~22.2.5"
    "@syncfusion/ej2-grids" "~22.2.9"
    "@syncfusion/ej2-popups" "~22.2.9"

"@tippyjs/react@4.2.6":
  version "4.2.6"
  resolved "https://registry.yarnpkg.com/@tippyjs/react/-/react-4.2.6.tgz#971677a599bf663f20bb1c60a62b9555b749cc71"
  integrity sha512-91RicDR+H7oDSyPycI13q3b7o4O60wa2oRbjlz2fyRLmHImc4vyDwuUP8NtZaN0VARJY5hybvDYrFzhY9+Lbyw==
  dependencies:
    tippy.js "^6.3.1"

asynckit@^0.4.0:
  version "0.4.0"
  resolved "https://registry.yarnpkg.com/asynckit/-/asynckit-0.4.0.tgz#c79ed97f7f34cb8f2ba1bc9790bcc366474b4b79"
  integrity sha512-Oei9OH4tRh0YqU3GxhX79dM/mwVgvbZJaSNaRk+bshkj0S5cfHcgYakreBjrHwatXKbz+IoIdYLxrKim2MjW0Q==

axios@^1.4.0:
  version "1.4.0"
  resolved "https://registry.yarnpkg.com/axios/-/axios-1.4.0.tgz#38a7bf1224cd308de271146038b551d725f0be1f"
  integrity sha512-S4XCWMEmzvo64T9GfvQDOXgYRDJ/wsSZc7Jvdgx5u1sd0JwsuPLqb3SYmusag+edF6ziyMensPVqLTSc1PiSEA==
  dependencies:
    follow-redirects "^1.15.0"
    form-data "^4.0.0"
    proxy-from-env "^1.1.0"

buffer-equal-constant-time@1.0.1:
  version "1.0.1"
  resolved "https://registry.yarnpkg.com/buffer-equal-constant-time/-/buffer-equal-constant-time-1.0.1.tgz#f8e71132f7ffe6e01a5c9697a4c6f3e48d5cc819"
  integrity sha512-zRpUiDwd/xk6ADqPMATG8vc9VPrkck7T07OIx0gnjmJAnHnTVXNQG3vfvWNuiZIkwu9KrKdA1iJKfsfTVxE6NA==

busboy@1.6.0:
  version "1.6.0"
  resolved "https://registry.yarnpkg.com/busboy/-/busboy-1.6.0.tgz#966ea36a9502e43cdb9146962523b92f531f6893"
  integrity sha512-8SFQbg/0hQ9xy3UNTB0YEnsNBbWfhf7RtnzpL7TkBiTBRfrQ9Fxcnz7VJsleJpyp6rVLvXiuORqjlHi5q+PYuA==
  dependencies:
    streamsearch "^1.1.0"

caniuse-lite@^1.0.30001406:
  version "1.0.30001491"
  resolved "https://registry.yarnpkg.com/caniuse-lite/-/caniuse-lite-1.0.30001491.tgz#eab0e0f392de6f7411751d148de9b5bd6b203e46"
  integrity sha512-17EYIi4TLnPiTzVKMveIxU5ETlxbSO3B6iPvMbprqnKh4qJsQGk5Nh1Lp4jIMAE0XfrujsJuWZAM3oJdMHaKBA==

classnames@2.3.2, classnames@^2.3.0:
  version "2.3.2"
  resolved "https://registry.yarnpkg.com/classnames/-/classnames-2.3.2.tgz#351d813bf0137fcc6a76a16b88208d2560a0d924"
  integrity sha512-CSbhY4cFEJRe6/GQzIk5qXZ4Jeg5pcsP7b5peFSDpffpe1cqjASH/n9UTjBwOp6XpMSTwQ8Za2K5V02ueA7Tmw==

client-only@0.0.1:
  version "0.0.1"
  resolved "https://registry.yarnpkg.com/client-only/-/client-only-0.0.1.tgz#38bba5d403c41ab150bff64a95c85013cf73bca1"
  integrity sha512-IV3Ou0jSMzZrd3pZ48nLkT9DA7Ag1pnPzaiQhpW7c3RbcqqzvzzVu+L8gfqMp/8IM2MQtSiqaCxrrcfu8I8rMA==

clsx@^1.1.1:
  version "1.2.1"
  resolved "https://registry.yarnpkg.com/clsx/-/clsx-1.2.1.tgz#0ddc4a20a549b59c93a4116bb26f5294ca17dc12"
  integrity sha512-EcR6r5a8bj6pu3ycsa/E/cKVGuTgZJZdsyUYHOksG/UHIiKfjxzRxYJpyVBwYaQeOvghal9fcc4PidlgzugAQg==

combined-stream@^1.0.8:
  version "1.0.8"
  resolved "https://registry.yarnpkg.com/combined-stream/-/combined-stream-1.0.8.tgz#c3d45a8b34fd730631a110a8a2520682b31d5a7f"
  integrity sha512-FQN4MRfuJeHf7cBbBMJFXhKSDq+2kAArBlmRBvcvFE5BB1HZKXtSFASDhdlz9zOYwxh8lDdnvmMOe/+5cdoEdg==
  dependencies:
    delayed-stream "~1.0.0"

cookie@^0.5.0:
  version "0.5.0"
  resolved "https://registry.yarnpkg.com/cookie/-/cookie-0.5.0.tgz#d1f5d71adec6558c58f389987c366aa47e994f8b"
  integrity sha512-YZ3GUyn/o8gfKJlnlX7g7xq4gyO6OSuhGPKaaGssGB2qgDUS0gPgtTvoyZLTt9Ab6dC4hfc9dV5arkvc/OCmrw==

date-fns@^2.30.0:
  version "2.30.0"
  resolved "https://registry.yarnpkg.com/date-fns/-/date-fns-2.30.0.tgz#f367e644839ff57894ec6ac480de40cae4b0f4d0"
  integrity sha512-fnULvOpxnC5/Vg3NCiWelDsLiUc9bRwAPs/+LfTLNvetFCtCTN+yQz15C/fs4AwX1R9K5GLtLfn8QW+dWisaAw==
  dependencies:
    "@babel/runtime" "^7.21.0"

dayjs@1.11.7:
  version "1.11.7"
  resolved "https://registry.yarnpkg.com/dayjs/-/dayjs-1.11.7.tgz#4b296922642f70999544d1144a2c25730fce63e2"
  integrity sha512-+Yw9U6YO5TQohxLcIkrXBeY73WP3ejHWVvx8XCk3gxvQDCTEmS48ZrSZCKciI7Bhl/uCMyxYtE9UqRILmFphkQ==

delayed-stream@~1.0.0:
  version "1.0.0"
  resolved "https://registry.yarnpkg.com/delayed-stream/-/delayed-stream-1.0.0.tgz#df3ae199acadfb7d440aaae0b29e2272b24ec619"
  integrity sha512-ZySD7Nf91aLB0RxL4KGrKHBXl7Eds1DAmEdcoVawXnLD7SDhpNgtuII2aAkg7a7QS41jxPSZ17p4VdGnMHk3MQ==

ecdsa-sig-formatter@1.0.11:
  version "1.0.11"
  resolved "https://registry.yarnpkg.com/ecdsa-sig-formatter/-/ecdsa-sig-formatter-1.0.11.tgz#ae0f0fa2d85045ef14a817daa3ce9acd0489e5bf"
  integrity sha512-nagl3RYrbNv6kQkeJIpt6NJZy8twLB/2vtz6yN9Z4vRKHN4/QZJIEbqohALSgwKdnksuY3k5Addp5lg8sVoVcQ==
  dependencies:
    safe-buffer "^5.0.1"

follow-redirects@^1.15.0:
  version "1.15.2"
  resolved "https://registry.yarnpkg.com/follow-redirects/-/follow-redirects-1.15.2.tgz#b460864144ba63f2681096f274c4e57026da2c13"
  integrity sha512-VQLG33o04KaQ8uYi2tVNbdrWp1QWxNNea+nmIB4EVM28v0hmP17z7aG1+wAkNzVq4KeXTq3221ye5qTJP91JwA==

form-data@^4.0.0:
  version "4.0.0"
  resolved "https://registry.yarnpkg.com/form-data/-/form-data-4.0.0.tgz#93919daeaf361ee529584b9b31664dc12c9fa452"
  integrity sha512-ETEklSGi5t0QMZuiXoA/Q6vcnxcLQP5vdugSpuAyi6SVGi2clPPp+xgEhuMaHC+zGgn31Kd235W35f7Hykkaww==
  dependencies:
    asynckit "^0.4.0"
    combined-stream "^1.0.8"
    mime-types "^2.1.12"

gantt-task-react-pro@^0.1.1:
  version "0.1.1"
  resolved "https://registry.yarnpkg.com/gantt-task-react-pro/-/gantt-task-react-pro-0.1.1.tgz#a503ed4bd0c20b44e7d3a8c4f6643cf658450b8e"
  integrity sha512-YHeF7TFpDaFRX4EwXUb/06b1FW8PIRxT7nsyC9LlEw1EKgzne4AZu5nO+S+ssM/ZKKlgBcnSgO5IwfMNGy6nIQ==

jose@^4.14.4:
  version "4.14.4"
  resolved "https://registry.yarnpkg.com/jose/-/jose-4.14.4.tgz#59e09204e2670c3164ee24cbfe7115c6f8bff9ca"
  integrity sha512-j8GhLiKmUAh+dsFXlX1aJCbt5KMibuKb+d7j1JaOJG6s2UjX1PQlW+OKB/sD4a/5ZYF4RcmYmLSndOoU3Lt/3g==

"js-tokens@^3.0.0 || ^4.0.0":
  version "4.0.0"
  resolved "https://registry.yarnpkg.com/js-tokens/-/js-tokens-4.0.0.tgz#19203fb59991df98e3a287050d4647cdeaf32499"
  integrity sha512-RdJUflcE3cUzKiMqQgsCu06FPu9UdIJO0beYbPhHN4k6apgJtifcoCtT9bcxOpYBtpD2kCM6Sbzg4CausW/PKQ==

jsonwebtoken@^9.0.0:
  version "9.0.0"
  resolved "https://registry.yarnpkg.com/jsonwebtoken/-/jsonwebtoken-9.0.0.tgz#d0faf9ba1cc3a56255fe49c0961a67e520c1926d"
  integrity sha512-tuGfYXxkQGDPnLJ7SibiQgVgeDgfbPq2k2ICcbgqW8WxWLBAxKQM/ZCu/IT8SOSwmaYl4dpTFCW5xZv7YbbWUw==
  dependencies:
    jws "^3.2.2"
    lodash "^4.17.21"
    ms "^2.1.1"
    semver "^7.3.8"

jwa@^1.4.1:
  version "1.4.1"
  resolved "https://registry.yarnpkg.com/jwa/-/jwa-1.4.1.tgz#743c32985cb9e98655530d53641b66c8645b039a"
  integrity sha512-qiLX/xhEEFKUAJ6FiBMbes3w9ATzyk5W7Hvzpa/SLYdxNtng+gcurvrI7TbACjIXlsJyr05/S1oUhZrc63evQA==
  dependencies:
    buffer-equal-constant-time "1.0.1"
    ecdsa-sig-formatter "1.0.11"
    safe-buffer "^5.0.1"

jws@^3.2.2:
  version "3.2.2"
  resolved "https://registry.yarnpkg.com/jws/-/jws-3.2.2.tgz#001099f3639468c9414000e99995fa52fb478304"
  integrity sha512-YHlZCB6lMTllWDtSPHz/ZXTsi8S00usEV6v1tjq8tOUZzw7DpSDWVXjXDre6ed1w/pd495ODpHZYSdkRTsa0HA==
  dependencies:
    jwa "^1.4.1"
    safe-buffer "^5.0.1"

lodash@4.17.21, lodash@^4.17.21:
  version "4.17.21"
  resolved "https://registry.yarnpkg.com/lodash/-/lodash-4.17.21.tgz#679591c564c3bffaae8454cf0b3df370c3d6911c"
  integrity sha512-v2kDEe57lecTulaDIuNTPy3Ry4gLGJ6Z1O3vE1krgXZNrsQ+LFTGHVxVjcXPs17LhbZVGedAJv8XZ1tvj5FvSg==

loose-envify@^1.1.0, loose-envify@^1.4.0:
  version "1.4.0"
  resolved "https://registry.yarnpkg.com/loose-envify/-/loose-envify-1.4.0.tgz#71ee51fa7be4caec1a63839f7e682d8132d30caf"
  integrity sha512-lyuxPGr/Wfhrlem2CL/UcnUc1zcqKAImBDzukY7Y5F/yQiNdko6+fRLevlw1HgMySw7f611UIY408EtxRSoK3Q==
  dependencies:
    js-tokens "^3.0.0 || ^4.0.0"

lru-cache@^6.0.0:
  version "6.0.0"
  resolved "https://registry.yarnpkg.com/lru-cache/-/lru-cache-6.0.0.tgz#6d6fe6570ebd96aaf90fcad1dafa3b2566db3a94"
  integrity sha512-Jo6dJ04CmSjuznwJSS3pUeWmd/H0ffTlkXXgwZi+eq1UCmqQwCh+eLsYOYCwY991i2Fah4h1BEMCx4qThGbsiA==
  dependencies:
    yallist "^4.0.0"

"memoize-one@>=3.1.1 <6":
  version "5.2.1"
  resolved "https://registry.yarnpkg.com/memoize-one/-/memoize-one-5.2.1.tgz#8337aa3c4335581839ec01c3d594090cebe8f00e"
  integrity sha512-zYiwtZUcYyXKo/np96AGZAckk+FWWsUdJ3cHGGmld7+AhvcWmQyGCYUh1hc4Q/pkOhb65dQR/pqCyK0cOaHz4Q==

mime-db@1.52.0:
  version "1.52.0"
  resolved "https://registry.yarnpkg.com/mime-db/-/mime-db-1.52.0.tgz#bbabcdc02859f4987301c856e3387ce5ec43bf70"
  integrity sha512-sPU4uV7dYlvtWJxwwxHD0PuihVNiE7TyAbQ5SWxDCB9mUYvOgroQOwYQQOKPJ8CIbE+1ETVlOoK1UC2nU3gYvg==

mime-types@^2.1.12:
  version "2.1.35"
  resolved "https://registry.yarnpkg.com/mime-types/-/mime-types-2.1.35.tgz#381a871b62a734450660ae3deee44813f70d959a"
  integrity sha512-ZDY+bPm5zTTF+YpCrAU9nK0UgICYPT0QtT1NZWFv4s++TNkcgVaT0g6+4R2uI4MjQjzysHB1zxuWL50hzaeXiw==
  dependencies:
    mime-db "1.52.0"

ms@^2.1.1:
  version "2.1.3"
  resolved "https://registry.yarnpkg.com/ms/-/ms-2.1.3.tgz#574c8138ce1d2b5861f0b44579dbadd60c6615b2"
  integrity sha512-6FlzubTLZG3J2a/NVCAleEhjzq5oxgHyaCU9yYXvcLsvoVaHJq/s5xXI6/XXP6tz7R9xAOtHnSO/tXtF3WRTlA==

nanoid@^3.3.4:
  version "3.3.6"
  resolved "https://registry.yarnpkg.com/nanoid/-/nanoid-3.3.6.tgz#443380c856d6e9f9824267d960b4236ad583ea4c"
  integrity sha512-BGcqMMJuToF7i1rt+2PWSNVnWIkGCU78jBG3RxO/bZlnZPK2Cmi2QaffxGO/2RvWi9sL+FAiRiXMgsyxQ1DIDA==

next@13.4.4:
  version "13.4.4"
  resolved "https://registry.yarnpkg.com/next/-/next-13.4.4.tgz#d1027c8d77f4c51be0b39f671b4820db03c93e60"
  integrity sha512-C5S0ysM0Ily9McL4Jb48nOQHT1BukOWI59uC3X/xCMlYIh9rJZCv7nzG92J6e1cOBqQbKovlpgvHWFmz4eKKEA==
  dependencies:
    "@next/env" "13.4.4"
    "@swc/helpers" "0.5.1"
    busboy "1.6.0"
    caniuse-lite "^1.0.30001406"
    postcss "8.4.14"
    styled-jsx "5.1.1"
    zod "3.21.4"
  optionalDependencies:
    "@next/swc-darwin-arm64" "13.4.4"
    "@next/swc-darwin-x64" "13.4.4"
    "@next/swc-linux-arm64-gnu" "13.4.4"
    "@next/swc-linux-arm64-musl" "13.4.4"
    "@next/swc-linux-x64-gnu" "13.4.4"
    "@next/swc-linux-x64-musl" "13.4.4"
    "@next/swc-win32-arm64-msvc" "13.4.4"
    "@next/swc-win32-ia32-msvc" "13.4.4"
    "@next/swc-win32-x64-msvc" "13.4.4"

object-assign@^4.1.1:
  version "4.1.1"
  resolved "https://registry.yarnpkg.com/object-assign/-/object-assign-4.1.1.tgz#2109adc7965887cfc05cbbd442cac8bfbb360863"
  integrity sha512-rJgTQnkUnH1sFw8yT6VSU3zD3sWmu6sZhIseY8VX+GRu3P6F7Fu+JNDoXfklElbLJSnc3FUQHVe4cU5hj+BcUg==

picocolors@^1.0.0:
  version "1.0.0"
  resolved "https://registry.yarnpkg.com/picocolors/-/picocolors-1.0.0.tgz#cb5bdc74ff3f51892236eaf79d68bc44564ab81c"
  integrity sha512-1fygroTLlHu66zi26VoTDv8yRgm0Fccecssto+MhsZ0D/DGW2sm8E8AjW7NU5VVTRt5GxbeZ5qBuJr+HyLYkjQ==

postcss@8.4.14:
  version "8.4.14"
  resolved "https://registry.yarnpkg.com/postcss/-/postcss-8.4.14.tgz#ee9274d5622b4858c1007a74d76e42e56fd21caf"
  integrity sha512-E398TUmfAYFPBSdzgeieK2Y1+1cpdxJx8yXbK/m57nRhKSmk1GB2tO4lbLBtlkfPQTDKfe4Xqv1ASWPpayPEig==
  dependencies:
    nanoid "^3.3.4"
    picocolors "^1.0.0"
    source-map-js "^1.0.2"

prop-types@15.x, prop-types@^15.8.1:
  version "15.8.1"
  resolved "https://registry.yarnpkg.com/prop-types/-/prop-types-15.8.1.tgz#67d87bf1a694f48435cf332c24af10214a3140b5"
  integrity sha512-oj87CgZICdulUohogVAR7AjlC0327U4el4L6eAvOqCeudMDVU0NThNaV+b9Df4dXgSP1gXMTnPdhfe/2qDH5cg==
  dependencies:
    loose-envify "^1.4.0"
    object-assign "^4.1.1"
    react-is "^16.13.1"

proxy-from-env@^1.1.0:
  version "1.1.0"
  resolved "https://registry.yarnpkg.com/proxy-from-env/-/proxy-from-env-1.1.0.tgz#e102f16ca355424865755d2c9e8ea4f24d58c3e2"
  integrity sha512-D+zkORCbA9f1tdWRK0RaCR3GPv50cMxcrz4X8k5LTSUD1Dkw47mKJEZQNunItRTkWwgtaUSo1RVFRIG9ZXiFYg==

react-dom@18.2.0:
  version "18.2.0"
  resolved "https://registry.yarnpkg.com/react-dom/-/react-dom-18.2.0.tgz#22aaf38708db2674ed9ada224ca4aa708d821e3d"
  integrity sha512-6IMTriUmvsjHUjNtEDudZfuDQUoWXVxKHhlEGSk81n4YFS+r/Kl99wXiwlVXtPBtJenozv2P+hxDsw9eA7Xo6g==
  dependencies:
    loose-envify "^1.1.0"
    scheduler "^0.23.0"

react-draggable@^4.0.3, react-draggable@^4.4.5:
  version "4.4.5"
  resolved "https://registry.yarnpkg.com/react-draggable/-/react-draggable-4.4.5.tgz#9e37fe7ce1a4cf843030f521a0a4cc41886d7e7c"
  integrity sha512-OMHzJdyJbYTZo4uQE393fHcqqPYsEtkjfMgvCHr6rejT+Ezn4OZbNyGH50vv+SunC1RMvwOTSWkEODQLzw1M9g==
  dependencies:
    clsx "^1.1.1"
    prop-types "^15.8.1"

react-is@^16.13.1:
  version "16.13.1"
  resolved "https://registry.yarnpkg.com/react-is/-/react-is-16.13.1.tgz#789729a4dc36de2999dc156dd6c1d9c18cea56a4"
  integrity sha512-24e6ynE2H+OKt4kqsOvNd8kBpV65zoxbA4BVsEOB3ARVWQki/DHzaUoC5KuON/BiccDaCCTZBuOcfZs70kR8bQ==

react-resizable@^3.0.5:
  version "3.0.5"
  resolved "https://registry.yarnpkg.com/react-resizable/-/react-resizable-3.0.5.tgz#362721f2efbd094976f1780ae13f1ad7739786c1"
  integrity sha512-vKpeHhI5OZvYn82kXOs1bC8aOXktGU5AmKAgaZS4F5JPburCtbmDPqE7Pzp+1kN4+Wb81LlF33VpGwWwtXem+w==
  dependencies:
    prop-types "15.x"
    react-draggable "^4.0.3"

react-tooltip@^5.21.1:
  version "5.21.1"
  resolved "https://registry.yarnpkg.com/react-tooltip/-/react-tooltip-5.21.1.tgz#bc49d9662a4b90ed1ed4417b7de535cb5bee1d01"
  integrity sha512-wJqF/yzK1wuJuy5/zAkVErFA609fVv1ZukhGjw44PcMvg9wL0jomnpQyz3qH1H7TWjz/wqO/OMc3ipQNjZ8zYg==
  dependencies:
    "@floating-ui/dom" "^1.0.0"
    classnames "^2.3.0"

react-virtual-gantt@^0.1.2:
  version "0.1.2"
  resolved "https://registry.yarnpkg.com/react-virtual-gantt/-/react-virtual-gantt-0.1.2.tgz#b0a3831cc600bcca5edd4688334b94b8bee6bb8a"
  integrity sha512-Sq1VTSE0e24YT8KENaQjREicpFMkF/KG3BLSyt/qLdmDSlojN0eAzUD4OCKJoieobPvno9STCr99xL1KonxzBQ==
  dependencies:
    "@dnd-kit/core" "6.0.8"
    "@dnd-kit/modifiers" "6.0.1"
    "@tippyjs/react" "4.2.6"
    classnames "2.3.2"
    dayjs "1.11.7"
    lodash "4.17.21"
    react-window "1.8.8"

react-window@1.8.8:
  version "1.8.8"
  resolved "https://registry.yarnpkg.com/react-window/-/react-window-1.8.8.tgz#1b52919f009ddf91970cbdb2050a6c7be44df243"
  integrity sha512-D4IiBeRtGXziZ1n0XklnFGu7h9gU684zepqyKzgPNzrsrk7xOCxni+TCckjg2Nr/DiaEEGVVmnhYSlT2rB47dQ==
  dependencies:
    "@babel/runtime" "^7.0.0"
    memoize-one ">=3.1.1 <6"

react@18.2.0:
  version "18.2.0"
  resolved "https://registry.yarnpkg.com/react/-/react-18.2.0.tgz#555bd98592883255fa00de14f1151a917b5d77d5"
  integrity sha512-/3IjMdb2L9QbBdWiW5e3P2/npwMBaU9mHCSCUzNln0ZCYbcfTsGbTJrU/kGemdH2IWmB2ioZ+zkxtmq6g09fGQ==
  dependencies:
    loose-envify "^1.1.0"

regenerator-runtime@^0.14.0:
  version "0.14.0"
  resolved "https://registry.yarnpkg.com/regenerator-runtime/-/regenerator-runtime-0.14.0.tgz#5e19d68eb12d486f797e15a3c6a918f7cec5eb45"
  integrity sha512-srw17NI0TUWHuGa5CFGGmhfNIeja30WMBfbslPNhf6JrqQlLN5gcrvig1oqPxiVaXb0oW0XRKtH6Nngs5lKCIA==

safe-buffer@^5.0.1:
  version "5.2.1"
  resolved "https://registry.yarnpkg.com/safe-buffer/-/safe-buffer-5.2.1.tgz#1eaf9fa9bdb1fdd4ec75f58f9cdb4e6b7827eec6"
  integrity sha512-rp3So07KcdmmKbGvgaNxQSJr7bGVSVk5S9Eq1F+ppbRo70+YeaDxkw5Dd8NPN+GD6bjnYm2VuPuCXmpuYvmCXQ==

scheduler@^0.23.0:
  version "0.23.0"
  resolved "https://registry.yarnpkg.com/scheduler/-/scheduler-0.23.0.tgz#ba8041afc3d30eb206a487b6b384002e4e61fdfe"
  integrity sha512-CtuThmgHNg7zIZWAXi3AsyIzA3n4xx7aNyjwC2VJldO2LMVDhFK+63xGqq6CsJH4rTAt6/M+N4GhZiDYPx9eUw==
  dependencies:
    loose-envify "^1.1.0"

semver@^7.3.8:
  version "7.5.1"
  resolved "https://registry.yarnpkg.com/semver/-/semver-7.5.1.tgz#c90c4d631cf74720e46b21c1d37ea07edfab91ec"
  integrity sha512-Wvss5ivl8TMRZXXESstBA4uR5iXgEN/VC5/sOcuXdVLzcdkz4HWetIoRfG5gb5X+ij/G9rw9YoGn3QoQ8OCSpw==
  dependencies:
    lru-cache "^6.0.0"

source-map-js@^1.0.2:
  version "1.0.2"
  resolved "https://registry.yarnpkg.com/source-map-js/-/source-map-js-1.0.2.tgz#adbc361d9c62df380125e7f161f71c826f1e490c"
  integrity sha512-R0XvVJ9WusLiqTCEiGCmICCMplcCkIwwR11mOSD9CR5u+IXYdiseeEuXCVAjS54zqwkLcPNnmU4OeJ6tUrWhDw==

streamsearch@^1.1.0:
  version "1.1.0"
  resolved "https://registry.yarnpkg.com/streamsearch/-/streamsearch-1.1.0.tgz#404dd1e2247ca94af554e841a8ef0eaa238da764"
  integrity sha512-Mcc5wHehp9aXz1ax6bZUyY5afg9u2rv5cqQI3mRrYkGC8rW2hM02jWuwjtL++LS5qinSyhj2QfLyNsuc+VsExg==

styled-jsx@5.1.1:
  version "5.1.1"
  resolved "https://registry.yarnpkg.com/styled-jsx/-/styled-jsx-5.1.1.tgz#839a1c3aaacc4e735fed0781b8619ea5d0009d1f"
  integrity sha512-pW7uC1l4mBZ8ugbiZrcIsiIvVx1UmTfw7UkC3Um2tmfUq9Bhk8IiyEIPl6F8agHgjzku6j0xQEZbfA5uSgSaCw==
  dependencies:
    client-only "0.0.1"

tippy.js@^6.3.1:
  version "6.3.7"
  resolved "https://registry.yarnpkg.com/tippy.js/-/tippy.js-6.3.7.tgz#8ccfb651d642010ed9a32ff29b0e9e19c5b8c61c"
  integrity sha512-E1d3oP2emgJ9dRQZdf3Kkn0qJgI6ZLpyS5z6ZkY1DF3kaQaBsGZsndEpHwx+eC+tYM41HaSNvNtLx8tU57FzTQ==
  dependencies:
    "@popperjs/core" "^2.9.0"

tslib@^2.0.0:
  version "2.6.2"
  resolved "https://registry.yarnpkg.com/tslib/-/tslib-2.6.2.tgz#703ac29425e7b37cd6fd456e92404d46d1f3e4ae"
  integrity sha512-AEYxH93jGFPn/a2iVAwW87VuUIkR1FVUKB77NwMF7nBTDkDrrT/Hpt/IrCJ0QXhW27jTBDcf5ZY7w6RiqTMw2Q==

tslib@^2.4.0:
  version "2.5.2"
  resolved "https://registry.yarnpkg.com/tslib/-/tslib-2.5.2.tgz#1b6f07185c881557b0ffa84b111a0106989e8338"
  integrity sha512-5svOrSA2w3iGFDs1HibEVBGbDrAY82bFQ3HZ3ixB+88nsbsWQoKqDRb5UBYAUPEzbBn6dAp5gRNXglySbx1MlA==

yallist@^4.0.0:
  version "4.0.0"
  resolved "https://registry.yarnpkg.com/yallist/-/yallist-4.0.0.tgz#9bb92790d9c0effec63be73519e11a35019a3a72"
  integrity sha512-3wdGidZyq5PB084XLES5TpOSRA3wjXAlIWMhum2kRcv/41Sn2emQ0dycQW4uZXLejwKvg6EsvbdlVL+FYEct7A==

zod@3.21.4:
  version "3.21.4"
  resolved "https://registry.yarnpkg.com/zod/-/zod-3.21.4.tgz#10882231d992519f0a10b5dd58a38c9dabbb64db"
  integrity sha512-m46AKbrzKVzOzs/DZgVnG5H55N1sv1M8qZU3A8RIKbs3mrACDNeIOeilDymVb2HdmP8uwshOCF4uJ8uM9rCqJw==
